{
  "requires": true,
  "lockfileVersion": 1,
  "dependencies": {
    "gatsby-plugin-cname": {
      "version": "1.0.0",
      "resolved": "https://registry.npmjs.org/gatsby-plugin-cname/-/gatsby-plugin-cname-1.0.0.tgz",
      "integrity": "sha512-U0yRgn4cm1zBi+qC5a827acPFnUqKSowoCvAxT3MDmMJVLSWB4vmSyM7m6ThVz35obO4nKr4iP4vZhvA7gEVsA=="
    }
  }
}
